// !$*UTF8*$!
{
	archiveVersion = 1;
	classes = {
	};
	objectVersion = 56;
	objects = {

/* Begin PBXBuildFile section */
		8B2873F22B22A624007C943E /* SeSACTestingApp.swift in Sources */ = {isa = PBXBuildFile; fileRef = 8B2873F12B22A624007C943E /* SeSACTestingApp.swift */; };
		8B2873F42B22A624007C943E /* ContentView.swift in Sources */ = {isa = PBXBuildFile; fileRef = 8B2873F32B22A624007C943E /* ContentView.swift */; };
		8B2873F62B22A625007C943E /* Assets.xcassets in Resources */ = {isa = PBXBuildFile; fileRef = 8B2873F52B22A625007C943E /* Assets.xcassets */; };
		8B2873F92B22A625007C943E /* Preview Assets.xcassets in Resources */ = {isa = PBXBuildFile; fileRef = 8B2873F82B22A625007C943E /* Preview Assets.xcassets */; };
		8B2874032B22A625007C943E /* SeSACTestingTests.swift in Sources */ = {isa = PBXBuildFile; fileRef = 8B2874022B22A625007C943E /* SeSACTestingTests.swift */; };
		8B28740D2B22A625007C943E /* SeSACTestingUITests.swift in Sources */ = {isa = PBXBuildFile; fileRef = 8B28740C2B22A625007C943E /* SeSACTestingUITests.swift */; };
		8B28740F2B22A625007C943E /* SeSACTestingUITestsLaunchTests.swift in Sources */ = {isa = PBXBuildFile; fileRef = 8B28740E2B22A625007C943E /* SeSACTestingUITestsLaunchTests.swift */; };
		8B5EFF3E2B293DB00037609C /* NetworkManager.swift in Sources */ = {isa = PBXBuildFile; fileRef = 8B5EFF3D2B293DB00037609C /* NetworkManager.swift */; };
		8B5EFF412B293E250037609C /* Alamofire in Frameworks */ = {isa = PBXBuildFile; productRef = 8B5EFF402B293E250037609C /* Alamofire */; };
		8B5EFF432B2941970037609C /* NetworkTestCase.swift in Sources */ = {isa = PBXBuildFile; fileRef = 8B5EFF422B2941970037609C /* NetworkTestCase.swift */; };
		8B5EFF452B294DB30037609C /* NetworkMockTestCase.swift in Sources */ = {isa = PBXBuildFile; fileRef = 8B5EFF442B294DB30037609C /* NetworkMockTestCase.swift */; };
		8BF71C082B269B070069E9F2 /* Login.storyboard in Resources */ = {isa = PBXBuildFile; fileRef = 8BF71C072B269B070069E9F2 /* Login.storyboard */; };
		8BF71C0A2B269B790069E9F2 /* LoginViewController.swift in Sources */ = {isa = PBXBuildFile; fileRef = 8BF71C092B269B790069E9F2 /* LoginViewController.swift */; };
		8BF71C0C2B26A8B40069E9F2 /* LoginTestCase.swift in Sources */ = {isa = PBXBuildFile; fileRef = 8BF71C0B2B26A8B40069E9F2 /* LoginTestCase.swift */; };
		8BF71C0E2B26AE750069E9F2 /* LoginUpdateViewController.swift in Sources */ = {isa = PBXBuildFile; fileRef = 8BF71C0D2B26AE750069E9F2 /* LoginUpdateViewController.swift */; };
		8BF71C1C2B27EBC60069E9F2 /* DI.swift in Sources */ = {isa = PBXBuildFile; fileRef = 8BF71C1B2B27EBC60069E9F2 /* DI.swift */; };
/* End PBXBuildFile section */

/* Begin PBXContainerItemProxy section */
		8B2873FF2B22A625007C943E /* PBXContainerItemProxy */ = {
			isa = PBXContainerItemProxy;
			containerPortal = 8B2873E62B22A624007C943E /* Project object */;
			proxyType = 1;
			remoteGlobalIDString = 8B2873ED2B22A624007C943E;
			remoteInfo = SeSACTesting;
		};
		8B2874092B22A625007C943E /* PBXContainerItemProxy */ = {
			isa = PBXContainerItemProxy;
			containerPortal = 8B2873E62B22A624007C943E /* Project object */;
			proxyType = 1;
			remoteGlobalIDString = 8B2873ED2B22A624007C943E;
			remoteInfo = SeSACTesting;
		};
/* End PBXContainerItemProxy section */

/* Begin PBXFileReference section */
		8B2873EE2B22A624007C943E /* SeSACTesting.app */ = {isa = PBXFileReference; explicitFileType = wrapper.application; includeInIndex = 0; path = SeSACTesting.app; sourceTree = BUILT_PRODUCTS_DIR; };
		8B2873F12B22A624007C943E /* SeSACTestingApp.swift */ = {isa = PBXFileReference; lastKnownFileType = sourcecode.swift; path = SeSACTestingApp.swift; sourceTree = "<group>"; };
		8B2873F32B22A624007C943E /* ContentView.swift */ = {isa = PBXFileReference; lastKnownFileType = sourcecode.swift; path = ContentView.swift; sourceTree = "<group>"; };
		8B2873F52B22A625007C943E /* Assets.xcassets */ = {isa = PBXFileReference; lastKnownFileType = folder.assetcatalog; path = Assets.xcassets; sourceTree = "<group>"; };
		8B2873F82B22A625007C943E /* Preview Assets.xcassets */ = {isa = PBXFileReference; lastKnownFileType = folder.assetcatalog; path = "Preview Assets.xcassets"; sourceTree = "<group>"; };
		8B2873FE2B22A625007C943E /* SeSACTestingTests.xctest */ = {isa = PBXFileReference; explicitFileType = wrapper.cfbundle; includeInIndex = 0; path = SeSACTestingTests.xctest; sourceTree = BUILT_PRODUCTS_DIR; };
		8B2874022B22A625007C943E /* SeSACTestingTests.swift */ = {isa = PBXFileReference; lastKnownFileType = sourcecode.swift; path = SeSACTestingTests.swift; sourceTree = "<group>"; };
		8B2874082B22A625007C943E /* SeSACTestingUITests.xctest */ = {isa = PBXFileReference; explicitFileType = wrapper.cfbundle; includeInIndex = 0; path = SeSACTestingUITests.xctest; sourceTree = BUILT_PRODUCTS_DIR; };
		8B28740C2B22A625007C943E /* SeSACTestingUITests.swift */ = {isa = PBXFileReference; lastKnownFileType = sourcecode.swift; path = SeSACTestingUITests.swift; sourceTree = "<group>"; };
		8B28740E2B22A625007C943E /* SeSACTestingUITestsLaunchTests.swift */ = {isa = PBXFileReference; lastKnownFileType = sourcecode.swift; path = SeSACTestingUITestsLaunchTests.swift; sourceTree = "<group>"; };
		8B5EFF3D2B293DB00037609C /* NetworkManager.swift */ = {isa = PBXFileReference; lastKnownFileType = sourcecode.swift; path = NetworkManager.swift; sourceTree = "<group>"; };
		8B5EFF422B2941970037609C /* NetworkTestCase.swift */ = {isa = PBXFileReference; lastKnownFileType = sourcecode.swift; path = NetworkTestCase.swift; sourceTree = "<group>"; };
		8B5EFF442B294DB30037609C /* NetworkMockTestCase.swift */ = {isa = PBXFileReference; lastKnownFileType = sourcecode.swift; path = NetworkMockTestCase.swift; sourceTree = "<group>"; };
		8BF71C072B269B070069E9F2 /* Login.storyboard */ = {isa = PBXFileReference; lastKnownFileType = file.storyboard; path = Login.storyboard; sourceTree = "<group>"; };
		8BF71C092B269B790069E9F2 /* LoginViewController.swift */ = {isa = PBXFileReference; lastKnownFileType = sourcecode.swift; path = LoginViewController.swift; sourceTree = "<group>"; };
		8BF71C0B2B26A8B40069E9F2 /* LoginTestCase.swift */ = {isa = PBXFileReference; lastKnownFileType = sourcecode.swift; path = LoginTestCase.swift; sourceTree = "<group>"; };
		8BF71C0D2B26AE750069E9F2 /* LoginUpdateViewController.swift */ = {isa = PBXFileReference; lastKnownFileType = sourcecode.swift; path = LoginUpdateViewController.swift; sourceTree = "<group>"; };
		8BF71C1B2B27EBC60069E9F2 /* DI.swift */ = {isa = PBXFileReference; lastKnownFileType = sourcecode.swift; path = DI.swift; sourceTree = "<group>"; };
/* End PBXFileReference section */

/* Begin PBXFrameworksBuildPhase section */
		8B2873EB2B22A624007C943E /* Frameworks */ = {
			isa = PBXFrameworksBuildPhase;
			buildActionMask = 2147483647;
			files = (
				8B5EFF412B293E250037609C /* Alamofire in Frameworks */,
			);
			runOnlyForDeploymentPostprocessing = 0;
		};
		8B2873FB2B22A625007C943E /* Frameworks */ = {
			isa = PBXFrameworksBuildPhase;
			buildActionMask = 2147483647;
			files = (
			);
			runOnlyForDeploymentPostprocessing = 0;
		};
		8B2874052B22A625007C943E /* Frameworks */ = {
			isa = PBXFrameworksBuildPhase;
			buildActionMask = 2147483647;
			files = (
			);
			runOnlyForDeploymentPostprocessing = 0;
		};
/* End PBXFrameworksBuildPhase section */

/* Begin PBXGroup section */
		8B2873E52B22A624007C943E = {
			isa = PBXGroup;
			children = (
				8B2873F02B22A624007C943E /* SeSACTesting */,
				8B2874012B22A625007C943E /* SeSACTestingTests */,
				8B28740B2B22A625007C943E /* SeSACTestingUITests */,
				8B2873EF2B22A624007C943E /* Products */,
			);
			sourceTree = "<group>";
		};
		8B2873EF2B22A624007C943E /* Products */ = {
			isa = PBXGroup;
			children = (
				8B2873EE2B22A624007C943E /* SeSACTesting.app */,
				8B2873FE2B22A625007C943E /* SeSACTestingTests.xctest */,
				8B2874082B22A625007C943E /* SeSACTestingUITests.xctest */,
			);
			name = Products;
			sourceTree = "<group>";
		};
		8B2873F02B22A624007C943E /* SeSACTesting */ = {
			isa = PBXGroup;
			children = (
				8BF71C1A2B27EB7E0069E9F2 /* DI */,
				8B2873F12B22A624007C943E /* SeSACTestingApp.swift */,
				8B2873F32B22A624007C943E /* ContentView.swift */,
				8B2873F52B22A625007C943E /* Assets.xcassets */,
				8B2873F72B22A625007C943E /* Preview Content */,
				8BF71C072B269B070069E9F2 /* Login.storyboard */,
				8BF71C092B269B790069E9F2 /* LoginViewController.swift */,
				8BF71C0D2B26AE750069E9F2 /* LoginUpdateViewController.swift */,
				8B5EFF3D2B293DB00037609C /* NetworkManager.swift */,
			);
			path = SeSACTesting;
			sourceTree = "<group>";
		};
		8B2873F72B22A625007C943E /* Preview Content */ = {
			isa = PBXGroup;
			children = (
				8B2873F82B22A625007C943E /* Preview Assets.xcassets */,
			);
			path = "Preview Content";
			sourceTree = "<group>";
		};
		8B2874012B22A625007C943E /* SeSACTestingTests */ = {
			isa = PBXGroup;
			children = (
				8B2874022B22A625007C943E /* SeSACTestingTests.swift */,
				8BF71C0B2B26A8B40069E9F2 /* LoginTestCase.swift */,
				8B5EFF422B2941970037609C /* NetworkTestCase.swift */,
				8B5EFF442B294DB30037609C /* NetworkMockTestCase.swift */,
			);
			path = SeSACTestingTests;
			sourceTree = "<group>";
		};
		8B28740B2B22A625007C943E /* SeSACTestingUITests */ = {
			isa = PBXGroup;
			children = (
				8B28740C2B22A625007C943E /* SeSACTestingUITests.swift */,
				8B28740E2B22A625007C943E /* SeSACTestingUITestsLaunchTests.swift */,
			);
			path = SeSACTestingUITests;
			sourceTree = "<group>";
		};
		8BF71C1A2B27EB7E0069E9F2 /* DI */ = {
			isa = PBXGroup;
			children = (
				8BF71C1B2B27EBC60069E9F2 /* DI.swift */,
			);
			path = DI;
			sourceTree = "<group>";
		};
/* End PBXGroup section */

/* Begin PBXNativeTarget section */
		8B2873ED2B22A624007C943E /* SeSACTesting */ = {
			isa = PBXNativeTarget;
			buildConfigurationList = 8B2874122B22A625007C943E /* Build configuration list for PBXNativeTarget "SeSACTesting" */;
			buildPhases = (
				8B2873EA2B22A624007C943E /* Sources */,
				8B2873EB2B22A624007C943E /* Frameworks */,
				8B2873EC2B22A624007C943E /* Resources */,
			);
			buildRules = (
			);
			dependencies = (
			);
			name = SeSACTesting;
			packageProductDependencies = (
				8B5EFF402B293E250037609C /* Alamofire */,
			);
			productName = SeSACTesting;
			productReference = 8B2873EE2B22A624007C943E /* SeSACTesting.app */;
			productType = "com.apple.product-type.application";
		};
		8B2873FD2B22A625007C943E /* SeSACTestingTests */ = {
			isa = PBXNativeTarget;
			buildConfigurationList = 8B2874152B22A625007C943E /* Build configuration list for PBXNativeTarget "SeSACTestingTests" */;
			buildPhases = (
				8B2873FA2B22A625007C943E /* Sources */,
				8B2873FB2B22A625007C943E /* Frameworks */,
				8B2873FC2B22A625007C943E /* Resources */,
			);
			buildRules = (
			);
			dependencies = (
				8B2874002B22A625007C943E /* PBXTargetDependency */,
			);
			name = SeSACTestingTests;
			productName = SeSACTestingTests;
			productReference = 8B2873FE2B22A625007C943E /* SeSACTestingTests.xctest */;
			productType = "com.apple.product-type.bundle.unit-test";
		};
		8B2874072B22A625007C943E /* SeSACTestingUITests */ = {
			isa = PBXNativeTarget;
			buildConfigurationList = 8B2874182B22A625007C943E /* Build configuration list for PBXNativeTarget "SeSACTestingUITests" */;
			buildPhases = (
				8B2874042B22A625007C943E /* Sources */,
				8B2874052B22A625007C943E /* Frameworks */,
				8B2874062B22A625007C943E /* Resources */,
			);
			buildRules = (
			);
			dependencies = (
				8B28740A2B22A625007C943E /* PBXTargetDependency */,
			);
			name = SeSACTestingUITests;
			productName = SeSACTestingUITests;
			productReference = 8B2874082B22A625007C943E /* SeSACTestingUITests.xctest */;
			productType = "com.apple.product-type.bundle.ui-testing";
		};
/* End PBXNativeTarget section */

/* Begin PBXProject section */
		8B2873E62B22A624007C943E /* Project object */ = {
			isa = PBXProject;
			attributes = {
				BuildIndependentTargetsInParallel = 1;
				LastSwiftUpdateCheck = 1500;
				LastUpgradeCheck = 1500;
				TargetAttributes = {
					8B2873ED2B22A624007C943E = {
						CreatedOnToolsVersion = 15.0.1;
					};
					8B2873FD2B22A625007C943E = {
						CreatedOnToolsVersion = 15.0.1;
						TestTargetID = 8B2873ED2B22A624007C943E;
					};
					8B2874072B22A625007C943E = {
						CreatedOnToolsVersion = 15.0.1;
						TestTargetID = 8B2873ED2B22A624007C943E;
					};
				};
			};
			buildConfigurationList = 8B2873E92B22A624007C943E /* Build configuration list for PBXProject "SeSACTesting" */;
			compatibilityVersion = "Xcode 14.0";
			developmentRegion = en;
			hasScannedForEncodings = 0;
			knownRegions = (
				en,
				Base,
			);
			mainGroup = 8B2873E52B22A624007C943E;
			packageReferences = (
				8B5EFF3F2B293E250037609C /* XCRemoteSwiftPackageReference "Alamofire" */,
			);
			productRefGroup = 8B2873EF2B22A624007C943E /* Products */;
			projectDirPath = "";
			projectRoot = "";
			targets = (
				8B2873ED2B22A624007C943E /* SeSACTesting */,
				8B2873FD2B22A625007C943E /* SeSACTestingTests */,
				8B2874072B22A625007C943E /* SeSACTestingUITests */,
			);
		};
/* End PBXProject section */

/* Begin PBXResourcesBuildPhase section */
		8B2873EC2B22A624007C943E /* Resources */ = {
			isa = PBXResourcesBuildPhase;
			buildActionMask = 2147483647;
			files = (
				8B2873F92B22A625007C943E /* Preview Assets.xcassets in Resources */,
				8B2873F62B22A625007C943E /* Assets.xcassets in Resources */,
				8BF71C082B269B070069E9F2 /* Login.storyboard in Resources */,
			);
			runOnlyForDeploymentPostprocessing = 0;
		};
		8B2873FC2B22A625007C943E /* Resources */ = {
			isa = PBXResourcesBuildPhase;
			buildActionMask = 2147483647;
			files = (
			);
			runOnlyForDeploymentPostprocessing = 0;
		};
		8B2874062B22A625007C943E /* Resources */ = {
			isa = PBXResourcesBuildPhase;
			buildActionMask = 2147483647;
			files = (
			);
			runOnlyForDeploymentPostprocessing = 0;
		};
/* End PBXResourcesBuildPhase section */

/* Begin PBXSourcesBuildPhase section */
		8B2873EA2B22A624007C943E /* Sources */ = {
			isa = PBXSourcesBuildPhase;
			buildActionMask = 2147483647;
			files = (
				8B5EFF3E2B293DB00037609C /* NetworkManager.swift in Sources */,
				8BF71C0A2B269B790069E9F2 /* LoginViewController.swift in Sources */,
				8BF71C0E2B26AE750069E9F2 /* LoginUpdateViewController.swift in Sources */,
				8B2873F42B22A624007C943E /* ContentView.swift in Sources */,
				8BF71C1C2B27EBC60069E9F2 /* DI.swift in Sources */,
				8B2873F22B22A624007C943E /* SeSACTestingApp.swift in Sources */,
			);
			runOnlyForDeploymentPostprocessing = 0;
		};
		8B2873FA2B22A625007C943E /* Sources */ = {
			isa = PBXSourcesBuildPhase;
			buildActionMask = 2147483647;
			files = (
				8B5EFF452B294DB30037609C /* NetworkMockTestCase.swift in Sources */,
				8B2874032B22A625007C943E /* SeSACTestingTests.swift in Sources */,
				8B5EFF432B2941970037609C /* NetworkTestCase.swift in Sources */,
				8BF71C0C2B26A8B40069E9F2 /* LoginTestCase.swift in Sources */,
			);
			runOnlyForDeploymentPostprocessing = 0;
		};
		8B2874042B22A625007C943E /* Sources */ = {
			isa = PBXSourcesBuildPhase;
			buildActionMask = 2147483647;
			files = (
				8B28740D2B22A625007C943E /* SeSACTestingUITests.swift in Sources */,
				8B28740F2B22A625007C943E /* SeSACTestingUITestsLaunchTests.swift in Sources */,
			);
			runOnlyForDeploymentPostprocessing = 0;
		};
/* End PBXSourcesBuildPhase section */

/* Begin PBXTargetDependency section */
		8B2874002B22A625007C943E /* PBXTargetDependency */ = {
			isa = PBXTargetDependency;
			target = 8B2873ED2B22A624007C943E /* SeSACTesting */;
			targetProxy = 8B2873FF2B22A625007C943E /* PBXContainerItemProxy */;
		};
		8B28740A2B22A625007C943E /* PBXTargetDependency */ = {
			isa = PBXTargetDependency;
			target = 8B2873ED2B22A624007C943E /* SeSACTesting */;
			targetProxy = 8B2874092B22A625007C943E /* PBXContainerItemProxy */;
		};
/* End PBXTargetDependency section */

/* Begin XCBuildConfiguration section */
		8B2874102B22A625007C943E /* Debug */ = {
			isa = XCBuildConfiguration;
			buildSettings = {
				ALWAYS_SEARCH_USER_PATHS = NO;
				ASSETCATALOG_COMPILER_GENERATE_SWIFT_ASSET_SYMBOL_EXTENSIONS = YES;
				CLANG_ANALYZER_NONNULL = YES;
				CLANG_ANALYZER_NUMBER_OBJECT_CONVERSION = YES_AGGRESSIVE;
				CLANG_CXX_LANGUAGE_STANDARD = "gnu++20";
				CLANG_ENABLE_MODULES = YES;
				CLANG_ENABLE_OBJC_ARC = YES;
				CLANG_ENABLE_OBJC_WEAK = YES;
				CLANG_WARN_BLOCK_CAPTURE_AUTORELEASING = YES;
				CLANG_WARN_BOOL_CONVERSION = YES;
				CLANG_WARN_COMMA = YES;
				CLANG_WARN_CONSTANT_CONVERSION = YES;
				CLANG_WARN_DEPRECATED_OBJC_IMPLEMENTATIONS = YES;
				CLANG_WARN_DIRECT_OBJC_ISA_USAGE = YES_ERROR;
				CLANG_WARN_DOCUMENTATION_COMMENTS = YES;
				CLANG_WARN_EMPTY_BODY = YES;
				CLANG_WARN_ENUM_CONVERSION = YES;
				CLANG_WARN_INFINITE_RECURSION = YES;
				CLANG_WARN_INT_CONVERSION = YES;
				CLANG_WARN_NON_LITERAL_NULL_CONVERSION = YES;
				CLANG_WARN_OBJC_IMPLICIT_RETAIN_SELF = YES;
				CLANG_WARN_OBJC_LITERAL_CONVERSION = YES;
				CLANG_WARN_OBJC_ROOT_CLASS = YES_ERROR;
				CLANG_WARN_QUOTED_INCLUDE_IN_FRAMEWORK_HEADER = YES;
				CLANG_WARN_RANGE_LOOP_ANALYSIS = YES;
				CLANG_WARN_STRICT_PROTOTYPES = YES;
				CLANG_WARN_SUSPICIOUS_MOVE = YES;
				CLANG_WARN_UNGUARDED_AVAILABILITY = YES_AGGRESSIVE;
				CLANG_WARN_UNREACHABLE_CODE = YES;
				CLANG_WARN__DUPLICATE_METHOD_MATCH = YES;
				COPY_PHASE_STRIP = NO;
				DEBUG_INFORMATION_FORMAT = dwarf;
				ENABLE_STRICT_OBJC_MSGSEND = YES;
				ENABLE_TESTABILITY = YES;
				ENABLE_USER_SCRIPT_SANDBOXING = YES;
				GCC_C_LANGUAGE_STANDARD = gnu17;
				GCC_DYNAMIC_NO_PIC = NO;
				GCC_NO_COMMON_BLOCKS = YES;
				GCC_OPTIMIZATION_LEVEL = 0;
				GCC_PREPROCESSOR_DEFINITIONS = (
					"DEBUG=1",
					"$(inherited)",
				);
				GCC_WARN_64_TO_32_BIT_CONVERSION = YES;
				GCC_WARN_ABOUT_RETURN_TYPE = YES_ERROR;
				GCC_WARN_UNDECLARED_SELECTOR = YES;
				GCC_WARN_UNINITIALIZED_AUTOS = YES_AGGRESSIVE;
				GCC_WARN_UNUSED_FUNCTION = YES;
				GCC_WARN_UNUSED_VARIABLE = YES;
				IPHONEOS_DEPLOYMENT_TARGET = 17.0;
				LOCALIZATION_PREFERS_STRING_CATALOGS = YES;
				MTL_ENABLE_DEBUG_INFO = INCLUDE_SOURCE;
				MTL_FAST_MATH = YES;
				ONLY_ACTIVE_ARCH = YES;
				SDKROOT = iphoneos;
				SWIFT_ACTIVE_COMPILATION_CONDITIONS = "DEBUG $(inherited)";
				SWIFT_OPTIMIZATION_LEVEL = "-Onone";
			};
			name = Debug;
		};
		8B2874112B22A625007C943E /* Release */ = {
			isa = XCBuildConfiguration;
			buildSettings = {
				ALWAYS_SEARCH_USER_PATHS = NO;
				ASSETCATALOG_COMPILER_GENERATE_SWIFT_ASSET_SYMBOL_EXTENSIONS = YES;
				CLANG_ANALYZER_NONNULL = YES;
				CLANG_ANALYZER_NUMBER_OBJECT_CONVERSION = YES_AGGRESSIVE;
				CLANG_CXX_LANGUAGE_STANDARD = "gnu++20";
				CLANG_ENABLE_MODULES = YES;
				CLANG_ENABLE_OBJC_ARC = YES;
				CLANG_ENABLE_OBJC_WEAK = YES;
				CLANG_WARN_BLOCK_CAPTURE_AUTORELEASING = YES;
				CLANG_WARN_BOOL_CONVERSION = YES;
				CLANG_WARN_COMMA = YES;
				CLANG_WARN_CONSTANT_CONVERSION = YES;
				CLANG_WARN_DEPRECATED_OBJC_IMPLEMENTATIONS = YES;
				CLANG_WARN_DIRECT_OBJC_ISA_USAGE = YES_ERROR;
				CLANG_WARN_DOCUMENTATION_COMMENTS = YES;
				CLANG_WARN_EMPTY_BODY = YES;
				CLANG_WARN_ENUM_CONVERSION = YES;
				CLANG_WARN_INFINITE_RECURSION = YES;
				CLANG_WARN_INT_CONVERSION = YES;
				CLANG_WARN_NON_LITERAL_NULL_CONVERSION = YES;
				CLANG_WARN_OBJC_IMPLICIT_RETAIN_SELF = YES;
				CLANG_WARN_OBJC_LITERAL_CONVERSION = YES;
				CLANG_WARN_OBJC_ROOT_CLASS = YES_ERROR;
				CLANG_WARN_QUOTED_INCLUDE_IN_FRAMEWORK_HEADER = YES;
				CLANG_WARN_RANGE_LOOP_ANALYSIS = YES;
				CLANG_WARN_STRICT_PROTOTYPES = YES;
				CLANG_WARN_SUSPICIOUS_MOVE = YES;
				CLANG_WARN_UNGUARDED_AVAILABILITY = YES_AGGRESSIVE;
				CLANG_WARN_UNREACHABLE_CODE = YES;
				CLANG_WARN__DUPLICATE_METHOD_MATCH = YES;
				COPY_PHASE_STRIP = NO;
				DEBUG_INFORMATION_FORMAT = "dwarf-with-dsym";
				ENABLE_NS_ASSERTIONS = NO;
				ENABLE_STRICT_OBJC_MSGSEND = YES;
				ENABLE_USER_SCRIPT_SANDBOXING = YES;
				GCC_C_LANGUAGE_STANDARD = gnu17;
				GCC_NO_COMMON_BLOCKS = YES;
				GCC_WARN_64_TO_32_BIT_CONVERSION = YES;
				GCC_WARN_ABOUT_RETURN_TYPE = YES_ERROR;
				GCC_WARN_UNDECLARED_SELECTOR = YES;
				GCC_WARN_UNINITIALIZED_AUTOS = YES_AGGRESSIVE;
				GCC_WARN_UNUSED_FUNCTION = YES;
				GCC_WARN_UNUSED_VARIABLE = YES;
				IPHONEOS_DEPLOYMENT_TARGET = 17.0;
				LOCALIZATION_PREFERS_STRING_CATALOGS = YES;
				MTL_ENABLE_DEBUG_INFO = NO;
				MTL_FAST_MATH = YES;
				SDKROOT = iphoneos;
				SWIFT_COMPILATION_MODE = wholemodule;
				VALIDATE_PRODUCT = YES;
			};
			name = Release;
		};
		8B2874132B22A625007C943E /* Debug */ = {
			isa = XCBuildConfiguration;
			buildSettings = {
				ASSETCATALOG_COMPILER_APPICON_NAME = AppIcon;
				ASSETCATALOG_COMPILER_GLOBAL_ACCENT_COLOR_NAME = AccentColor;
				CODE_SIGN_STYLE = Automatic;
				CURRENT_PROJECT_VERSION = 1;
				DEVELOPMENT_ASSET_PATHS = "\"SeSACTesting/Preview Content\"";
				DEVELOPMENT_TEAM = ZB66AY8DJC;
				ENABLE_PREVIEWS = YES;
				GENERATE_INFOPLIST_FILE = YES;
				INFOPLIST_KEY_UIApplicationSceneManifest_Generation = YES;
				INFOPLIST_KEY_UIApplicationSupportsIndirectInputEvents = YES;
				INFOPLIST_KEY_UILaunchScreen_Generation = YES;
				INFOPLIST_KEY_UISupportedInterfaceOrientations_iPad = "UIInterfaceOrientationPortrait UIInterfaceOrientationPortraitUpsideDown UIInterfaceOrientationLandscapeLeft UIInterfaceOrientationLandscapeRight";
				INFOPLIST_KEY_UISupportedInterfaceOrientations_iPhone = "UIInterfaceOrientationPortrait UIInterfaceOrientationLandscapeLeft UIInterfaceOrientationLandscapeRight";
				LD_RUNPATH_SEARCH_PATHS = (
					"$(inherited)",
					"@executable_path/Frameworks",
				);
				MARKETING_VERSION = 1.0;
				PRODUCT_BUNDLE_IDENTIFIER = com.SoomanHong.SeSACTesting;
				PRODUCT_NAME = "$(TARGET_NAME)";
				SWIFT_EMIT_LOC_STRINGS = YES;
				SWIFT_VERSION = 5.0;
				TARGETED_DEVICE_FAMILY = "1,2";
			};
			name = Debug;
		};
		8B2874142B22A625007C943E /* Release */ = {
			isa = XCBuildConfiguration;
			buildSettings = {
				ASSETCATALOG_COMPILER_APPICON_NAME = AppIcon;
				ASSETCATALOG_COMPILER_GLOBAL_ACCENT_COLOR_NAME = AccentColor;
				CODE_SIGN_STYLE = Automatic;
				CURRENT_PROJECT_VERSION = 1;
				DEVELOPMENT_ASSET_PATHS = "\"SeSACTesting/Preview Content\"";
				DEVELOPMENT_TEAM = ZB66AY8DJC;
				ENABLE_PREVIEWS = YES;
				GENERATE_INFOPLIST_FILE = YES;
				INFOPLIST_KEY_UIApplicationSceneManifest_Generation = YES;
				INFOPLIST_KEY_UIApplicationSupportsIndirectInputEvents = YES;
				INFOPLIST_KEY_UILaunchScreen_Generation = YES;
				INFOPLIST_KEY_UISupportedInterfaceOrientations_iPad = "UIInterfaceOrientationPortrait UIInterfaceOrientationPortraitUpsideDown UIInterfaceOrientationLandscapeLeft UIInterfaceOrientationLandscapeRight";
				INFOPLIST_KEY_UISupportedInterfaceOrientations_iPhone = "UIInterfaceOrientationPortrait UIInterfaceOrientationLandscapeLeft UIInterfaceOrientationLandscapeRight";
				LD_RUNPATH_SEARCH_PATHS = (
					"$(inherited)",
					"@executable_path/Frameworks",
				);
				MARKETING_VERSION = 1.0;
				PRODUCT_BUNDLE_IDENTIFIER = com.SoomanHong.SeSACTesting;
				PRODUCT_NAME = "$(TARGET_NAME)";
				SWIFT_EMIT_LOC_STRINGS = YES;
				SWIFT_VERSION = 5.0;
				TARGETED_DEVICE_FAMILY = "1,2";
			};
			name = Release;
		};
		8B2874162B22A625007C943E /* Debug */ = {
			isa = XCBuildConfiguration;
			buildSettings = {
				ALWAYS_EMBED_SWIFT_STANDARD_LIBRARIES = YES;
				BUNDLE_LOADER = "$(TEST_HOST)";
				CODE_SIGN_STYLE = Automatic;
				CURRENT_PROJECT_VERSION = 1;
				GENERATE_INFOPLIST_FILE = YES;
				IPHONEOS_DEPLOYMENT_TARGET = 17.0;
				MARKETING_VERSION = 1.0;
				PRODUCT_BUNDLE_IDENTIFIER = com.SoomanHong.SeSACTestingTests;
				PRODUCT_NAME = "$(TARGET_NAME)";
				SWIFT_EMIT_LOC_STRINGS = NO;
				SWIFT_VERSION = 5.0;
				TARGETED_DEVICE_FAMILY = "1,2";
				TEST_HOST = "$(BUILT_PRODUCTS_DIR)/SeSACTesting.app/$(BUNDLE_EXECUTABLE_FOLDER_PATH)/SeSACTesting";
			};
			name = Debug;
		};
		8B2874172B22A625007C943E /* Release */ = {
			isa = XCBuildConfiguration;
			buildSettings = {
				ALWAYS_EMBED_SWIFT_STANDARD_LIBRARIES = YES;
				BUNDLE_LOADER = "$(TEST_HOST)";
				CODE_SIGN_STYLE = Automatic;
				CURRENT_PROJECT_VERSION = 1;
				GENERATE_INFOPLIST_FILE = YES;
				IPHONEOS_DEPLOYMENT_TARGET = 17.0;
				MARKETING_VERSION = 1.0;
				PRODUCT_BUNDLE_IDENTIFIER = com.SoomanHong.SeSACTestingTests;
				PRODUCT_NAME = "$(TARGET_NAME)";
				SWIFT_EMIT_LOC_STRINGS = NO;
				SWIFT_VERSION = 5.0;
				TARGETED_DEVICE_FAMILY = "1,2";
				TEST_HOST = "$(BUILT_PRODUCTS_DIR)/SeSACTesting.app/$(BUNDLE_EXECUTABLE_FOLDER_PATH)/SeSACTesting";
			};
			name = Release;
		};
		8B2874192B22A625007C943E /* Debug */ = {
			isa = XCBuildConfiguration;
			buildSettings = {
				ALWAYS_EMBED_SWIFT_STANDARD_LIBRARIES = YES;
				CODE_SIGN_STYLE = Automatic;
				CURRENT_PROJECT_VERSION = 1;
				GENERATE_INFOPLIST_FILE = YES;
				MARKETING_VERSION = 1.0;
				PRODUCT_BUNDLE_IDENTIFIER = com.SoomanHong.SeSACTestingUITests;
				PRODUCT_NAME = "$(TARGET_NAME)";
				SWIFT_EMIT_LOC_STRINGS = NO;
				SWIFT_VERSION = 5.0;
				TARGETED_DEVICE_FAMILY = "1,2";
				TEST_TARGET_NAME = SeSACTesting;
			};
			name = Debug;
		};
		8B28741A2B22A625007C943E /* Release */ = {
			isa = XCBuildConfiguration;
			buildSettings = {
				ALWAYS_EMBED_SWIFT_STANDARD_LIBRARIES = YES;
				CODE_SIGN_STYLE = Automatic;
				CURRENT_PROJECT_VERSION = 1;
				GENERATE_INFOPLIST_FILE = YES;
				MARKETING_VERSION = 1.0;
				PRODUCT_BUNDLE_IDENTIFIER = com.SoomanHong.SeSACTestingUITests;
				PRODUCT_NAME = "$(TARGET_NAME)";
				SWIFT_EMIT_LOC_STRINGS = NO;
				SWIFT_VERSION = 5.0;
				TARGETED_DEVICE_FAMILY = "1,2";
				TEST_TARGET_NAME = SeSACTesting;
			};
			name = Release;
		};
/* End XCBuildConfiguration section */

/* Begin XCConfigurationList section */
		8B2873E92B22A624007C943E /* Build configuration list for PBXProject "SeSACTesting" */ = {
			isa = XCConfigurationList;
			buildConfigurations = (
				8B2874102B22A625007C943E /* Debug */,
				8B2874112B22A625007C943E /* Release */,
			);
			defaultConfigurationIsVisible = 0;
			defaultConfigurationName = Release;
		};
		8B2874122B22A625007C943E /* Build configuration list for PBXNativeTarget "SeSACTesting" */ = {
			isa = XCConfigurationList;
			buildConfigurations = (
				8B2874132B22A625007C943E /* Debug */,
				8B2874142B22A625007C943E /* Release */,
			);
			defaultConfigurationIsVisible = 0;
			defaultConfigurationName = Release;
		};
		8B2874152B22A625007C943E /* Build configuration list for PBXNativeTarget "SeSACTestingTests" */ = {
			isa = XCConfigurationList;
			buildConfigurations = (
				8B2874162B22A625007C943E /* Debug */,
				8B2874172B22A625007C943E /* Release */,
			);
			defaultConfigurationIsVisible = 0;
			defaultConfigurationName = Release;
		};
		8B2874182B22A625007C943E /* Build configuration list for PBXNativeTarget "SeSACTestingUITests" */ = {
			isa = XCConfigurationList;
			buildConfigurations = (
				8B2874192B22A625007C943E /* Debug */,
				8B28741A2B22A625007C943E /* Release */,
			);
			defaultConfigurationIsVisible = 0;
			defaultConfigurationName = Release;
		};
/* End XCConfigurationList section */

/* Begin XCRemoteSwiftPackageReference section */
		8B5EFF3F2B293E250037609C /* XCRemoteSwiftPackageReference "Alamofire" */ = {
			isa = XCRemoteSwiftPackageReference;
			repositoryURL = "https://github.com/Alamofire/Alamofire";
			requirement = {
				kind = upToNextMajorVersion;
				minimumVersion = 5.8.1;
			};
		};
/* End XCRemoteSwiftPackageReference section */

/* Begin XCSwiftPackageProductDependency section */
		8B5EFF402B293E250037609C /* Alamofire */ = {
			isa = XCSwiftPackageProductDependency;
			package = 8B5EFF3F2B293E250037609C /* XCRemoteSwiftPackageReference "Alamofire" */;
			productName = Alamofire;
		};
/* End XCSwiftPackageProductDependency section */
	};
	rootObject = 8B2873E62B22A624007C943E /* Project object */;
}
